<?xml version="1.0" encoding="utf-8"?>
<Project ToolsVersion="4.0" xmlns="http://schemas.microsoft.com/developer/msbuild/2003">
  <ItemGroup>
    <Filter Include="Versis">
      <UniqueIdentifier>{21D0DED7-0D72-09AE-F62C-1D02E26D90FE}</UniqueIdentifier>
    </Filter>
    <Filter Include="Versis\BackEnd">
      <UniqueIdentifier>{B8DFD217-A4AD-C61D-8D41-374479AEA282}</UniqueIdentifier>
    </Filter>
    <Filter Include="Versis\BackEnd\Object">
      <UniqueIdentifier>{3EEEB4E0-AA5A-70DB-734E-0839DF799243}</UniqueIdentifier>
    </Filter>
    <Filter Include="Versis\FrontEnd">
      <UniqueIdentifier>{307D21FC-9C08-8FC0-A519-12B51124EBC0}</UniqueIdentifier>
    </Filter>
    <Filter Include="Versis\FrontEnd\Angle">
      <UniqueIdentifier>{A665EFE1-12D2-AADC-DBC5-423A47F1CC44}</UniqueIdentifier>
    </Filter>
    <Filter Include="Versis\FrontEnd\Axis">
      <UniqueIdentifier>{F46B07C1-E0FA-908A-8919-A5857587A130}</UniqueIdentifier>
    </Filter>
    <Filter Include="Versis\FrontEnd\Body">
      <UniqueIdentifier>{6DD107C1-5960-918A-027F-A585EEECA130}</UniqueIdentifier>
    </Filter>
    <Filter Include="Versis\FrontEnd\Vec2">
      <UniqueIdentifier>{0F9E12C1-FB2C-9C8A-A44B-B08590B9AC30}</UniqueIdentifier>
    </Filter>
  </ItemGroup>
  <ItemGroup>
    <ClInclude Include="src\Versis\BackEnd\BackEnd.hpp">
      <Filter>Versis\BackEnd</Filter>
    </ClInclude>
    <ClInclude Include="src\Versis\BackEnd\Object\Object.hpp">
      <Filter>Versis\BackEnd\Object</Filter>
    </ClInclude>
    <ClInclude Include="src\Versis\FrontEnd\Angle\Angle.hpp">
      <Filter>Versis\FrontEnd\Angle</Filter>
    </ClInclude>
    <ClInclude Include="src\Versis\FrontEnd\Axis\Axis.hpp">
      <Filter>Versis\FrontEnd\Axis</Filter>
    </ClInclude>
    <ClInclude Include="src\Versis\FrontEnd\Body\Body.hpp">
      <Filter>Versis\FrontEnd\Body</Filter>
    </ClInclude>
    <ClInclude Include="src\Versis\FrontEnd\FrontEnd.hpp">
      <Filter>Versis\FrontEnd</Filter>
    </ClInclude>
    <ClInclude Include="src\Versis\FrontEnd\Vec2\Vec2f.hpp">
      <Filter>Versis\FrontEnd\Vec2</Filter>
    </ClInclude>
    <ClInclude Include="src\Versis\Versis.hpp">
      <Filter>Versis</Filter>
    </ClInclude>
    <ClInclude Include="src\Versis\VersisShared.hpp">
      <Filter>Versis</Filter>
    </ClInclude>
  </ItemGroup>
  <ItemGroup>
    <ClCompile Include="src\Versis\FrontEnd\Body\Body.cpp">
      <Filter>Versis\FrontEnd\Body</Filter>
    </ClCompile>
    <ClCompile Include="src\main.cpp" />
  </ItemGroup>
</Project>